
Microsoft Visual Studio Solution File, Format Version 12.00
# Visual Studio 15
VisualStudioVersion = 15.0.27703.2047
MinimumVisualStudioVersion = 10.0.40219.1
Project("{FAE04EC0-301F-11D3-BF4B-00C04F79EFBC}") = "Clase 01", "Clase 01\Clase 01.csproj", "{0F7EB330-1CEC-44D4-9BE2-7DFDF66FAC8B}"
EndProject
Project("{FAE04EC0-301F-11D3-BF4B-00C04F79EFBC}") = "Clase 02", "Clase 02\Clase 02.csproj", "{1F267325-66E2-4FD5-AB1D-D7054216FBFC}"
EndProject
Project("{FAE04EC0-301F-11D3-BF4B-00C04F79EFBC}") = "Clase 03", "Clase 03\Clase 03.csproj", "{F96DEF23-975D-4C2E-9CCE-3B7867CDECA5}"
EndProject
Project("{FAE04EC0-301F-11D3-BF4B-00C04F79EFBC}") = "Clase 04", "Clase 04\Clase 04.csproj", "{A9504E93-0978-432D-A7D2-7A895872191B}"
EndProject
Project("{FAE04EC0-301F-11D3-BF4B-00C04F79EFBC}") = "Clase 05", "Clase 05\Clase 05.csproj", "{915A1996-AEF3-4356-BC3C-9F30D6ED7A05}"
EndProject
Project("{FAE04EC0-301F-11D3-BF4B-00C04F79EFBC}") = "Clase 06", "Clase 06\Clase 06.csproj", "{57EB529B-E7FB-49FC-B6D3-59934A0C2B45}"
EndProject
Project("{FAE04EC0-301F-11D3-BF4B-00C04F79EFBC}") = "Clase 07", "Clase 07\Clase 07.csproj", "{A99148CB-80DF-404C-AE0E-95E88ECB7ADE}"
EndProject
Project("{FAE04EC0-301F-11D3-BF4B-00C04F79EFBC}") = "Clase 09", "Clase 09\Clase 09.csproj", "{7304F86C-7975-4226-BB0F-A8075EF5972F}"
EndProject
Project("{FAE04EC0-301F-11D3-BF4B-00C04F79EFBC}") = "Clase 10", "Clase 10\Clase 10.csproj", "{578F8148-D4E7-4BAE-80AE-E4FDE3A7EA4E}"
EndProject
Project("{FAE04EC0-301F-11D3-BF4B-00C04F79EFBC}") = "Clase 11", "Clase 11\Clase 11.csproj", "{A8F2D8C3-D8CC-4316-98D5-A469B6FA3850}"
EndProject
Project("{FAE04EC0-301F-11D3-BF4B-00C04F79EFBC}") = "Clase 12", "Clase 12\Clase 12.csproj", "{AA91BEF7-8E15-4FB1-87CA-8BD9FD7E1DB7}"
EndProject
Project("{FAE04EC0-301F-11D3-BF4B-00C04F79EFBC}") = "Clase 13", "Clase 13\Clase 13.csproj", "{C332DCEB-7AE3-4A69-9EE9-9B2946B14272}"
EndProject
Project("{FAE04EC0-301F-11D3-BF4B-00C04F79EFBC}") = "Clase 14", "Clase 14\Clase 14.csproj", "{E6A52F43-8D65-4631-9210-C349C62D9268}"
EndProject
Project("{9A19103F-16F7-4668-BE54-9A1E7A4F7556}") = "Clase 14.Entidades", "Clase 14.Entidades\Clase 14.Entidades.csproj", "{59FFDFF0-D23A-44B1-B5E1-60A9914E54A4}"
EndProject
Project("{FAE04EC0-301F-11D3-BF4B-00C04F79EFBC}") = "Clase 15", "Clase 15\Clase 15.csproj", "{73E8A5BD-CBD4-418A-8744-70B8DC1FBA4F}"
EndProject
Global
	GlobalSection(SolutionConfigurationPlatforms) = preSolution
		Debug|Any CPU = Debug|Any CPU
		Release|Any CPU = Release|Any CPU
	EndGlobalSection
	GlobalSection(ProjectConfigurationPlatforms) = postSolution
		{0F7EB330-1CEC-44D4-9BE2-7DFDF66FAC8B}.Debug|Any CPU.ActiveCfg = Debug|Any CPU
		{0F7EB330-1CEC-44D4-9BE2-7DFDF66FAC8B}.Debug|Any CPU.Build.0 = Debug|Any CPU
		{0F7EB330-1CEC-44D4-9BE2-7DFDF66FAC8B}.Release|Any CPU.ActiveCfg = Release|Any CPU
		{0F7EB330-1CEC-44D4-9BE2-7DFDF66FAC8B}.Release|Any CPU.Build.0 = Release|Any CPU
		{1F267325-66E2-4FD5-AB1D-D7054216FBFC}.Debug|Any CPU.ActiveCfg = Debug|Any CPU
		{1F267325-66E2-4FD5-AB1D-D7054216FBFC}.Debug|Any CPU.Build.0 = Debug|Any CPU
		{1F267325-66E2-4FD5-AB1D-D7054216FBFC}.Release|Any CPU.ActiveCfg = Release|Any CPU
		{1F267325-66E2-4FD5-AB1D-D7054216FBFC}.Release|Any CPU.Build.0 = Release|Any CPU
		{F96DEF23-975D-4C2E-9CCE-3B7867CDECA5}.Debug|Any CPU.ActiveCfg = Debug|Any CPU
		{F96DEF23-975D-4C2E-9CCE-3B7867CDECA5}.Debug|Any CPU.Build.0 = Debug|Any CPU
		{F96DEF23-975D-4C2E-9CCE-3B7867CDECA5}.Release|Any CPU.ActiveCfg = Release|Any CPU
		{F96DEF23-975D-4C2E-9CCE-3B7867CDECA5}.Release|Any CPU.Build.0 = Release|Any CPU
		{A9504E93-0978-432D-A7D2-7A895872191B}.Debug|Any CPU.ActiveCfg = Debug|Any CPU
		{A9504E93-0978-432D-A7D2-7A895872191B}.Debug|Any CPU.Build.0 = Debug|Any CPU
		{A9504E93-0978-432D-A7D2-7A895872191B}.Release|Any CPU.ActiveCfg = Release|Any CPU
		{A9504E93-0978-432D-A7D2-7A895872191B}.Release|Any CPU.Build.0 = Release|Any CPU
		{915A1996-AEF3-4356-BC3C-9F30D6ED7A05}.Debug|Any CPU.ActiveCfg = Debug|Any CPU
		{915A1996-AEF3-4356-BC3C-9F30D6ED7A05}.Debug|Any CPU.Build.0 = Debug|Any CPU
		{915A1996-AEF3-4356-BC3C-9F30D6ED7A05}.Release|Any CPU.ActiveCfg = Release|Any CPU
		{915A1996-AEF3-4356-BC3C-9F30D6ED7A05}.Release|Any CPU.Build.0 = Release|Any CPU
		{57EB529B-E7FB-49FC-B6D3-59934A0C2B45}.Debug|Any CPU.ActiveCfg = Debug|Any CPU
		{57EB529B-E7FB-49FC-B6D3-59934A0C2B45}.Debug|Any CPU.Build.0 = Debug|Any CPU
		{57EB529B-E7FB-49FC-B6D3-59934A0C2B45}.Release|Any CPU.ActiveCfg = Release|Any CPU
		{57EB529B-E7FB-49FC-B6D3-59934A0C2B45}.Release|Any CPU.Build.0 = Release|Any CPU
		{A99148CB-80DF-404C-AE0E-95E88ECB7ADE}.Debug|Any CPU.ActiveCfg = Debug|Any CPU
		{A99148CB-80DF-404C-AE0E-95E88ECB7ADE}.Debug|Any CPU.Build.0 = Debug|Any CPU
		{A99148CB-80DF-404C-AE0E-95E88ECB7ADE}.Release|Any CPU.ActiveCfg = Release|Any CPU
		{A99148CB-80DF-404C-AE0E-95E88ECB7ADE}.Release|Any CPU.Build.0 = Release|Any CPU
		{7304F86C-7975-4226-BB0F-A8075EF5972F}.Debug|Any CPU.ActiveCfg = Debug|Any CPU
		{7304F86C-7975-4226-BB0F-A8075EF5972F}.Debug|Any CPU.Build.0 = Debug|Any CPU
		{7304F86C-7975-4226-BB0F-A8075EF5972F}.Release|Any CPU.ActiveCfg = Release|Any CPU
		{7304F86C-7975-4226-BB0F-A8075EF5972F}.Release|Any CPU.Build.0 = Release|Any CPU
		{578F8148-D4E7-4BAE-80AE-E4FDE3A7EA4E}.Debug|Any CPU.ActiveCfg = Debug|Any CPU
		{578F8148-D4E7-4BAE-80AE-E4FDE3A7EA4E}.Debug|Any CPU.Build.0 = Debug|Any CPU
		{578F8148-D4E7-4BAE-80AE-E4FDE3A7EA4E}.Release|Any CPU.ActiveCfg = Release|Any CPU
		{578F8148-D4E7-4BAE-80AE-E4FDE3A7EA4E}.Release|Any CPU.Build.0 = Release|Any CPU
		{A8F2D8C3-D8CC-4316-98D5-A469B6FA3850}.Debug|Any CPU.ActiveCfg = Debug|Any CPU
		{A8F2D8C3-D8CC-4316-98D5-A469B6FA3850}.Debug|Any CPU.Build.0 = Debug|Any CPU
		{A8F2D8C3-D8CC-4316-98D5-A469B6FA3850}.Release|Any CPU.ActiveCfg = Release|Any CPU
		{A8F2D8C3-D8CC-4316-98D5-A469B6FA3850}.Release|Any CPU.Build.0 = Release|Any CPU
		{AA91BEF7-8E15-4FB1-87CA-8BD9FD7E1DB7}.Debug|Any CPU.ActiveCfg = Debug|Any CPU
		{AA91BEF7-8E15-4FB1-87CA-8BD9FD7E1DB7}.Debug|Any CPU.Build.0 = Debug|Any CPU
		{AA91BEF7-8E15-4FB1-87CA-8BD9FD7E1DB7}.Release|Any CPU.ActiveCfg = Release|Any CPU
		{AA91BEF7-8E15-4FB1-87CA-8BD9FD7E1DB7}.Release|Any CPU.Build.0 = Release|Any CPU
		{C332DCEB-7AE3-4A69-9EE9-9B2946B14272}.Debug|Any CPU.ActiveCfg = Debug|Any CPU
		{C332DCEB-7AE3-4A69-9EE9-9B2946B14272}.Debug|Any CPU.Build.0 = Debug|Any CPU
		{C332DCEB-7AE3-4A69-9EE9-9B2946B14272}.Release|Any CPU.ActiveCfg = Release|Any CPU
		{C332DCEB-7AE3-4A69-9EE9-9B2946B14272}.Release|Any CPU.Build.0 = Release|Any CPU
		{E6A52F43-8D65-4631-9210-C349C62D9268}.Debug|Any CPU.ActiveCfg = Debug|Any CPU
		{E6A52F43-8D65-4631-9210-C349C62D9268}.Debug|Any CPU.Build.0 = Debug|Any CPU
		{E6A52F43-8D65-4631-9210-C349C62D9268}.Release|Any CPU.ActiveCfg = Release|Any CPU
		{E6A52F43-8D65-4631-9210-C349C62D9268}.Release|Any CPU.Build.0 = Release|Any CPU
		{59FFDFF0-D23A-44B1-B5E1-60A9914E54A4}.Debug|Any CPU.ActiveCfg = Debug|Any CPU
		{59FFDFF0-D23A-44B1-B5E1-60A9914E54A4}.Debug|Any CPU.Build.0 = Debug|Any CPU
		{59FFDFF0-D23A-44B1-B5E1-60A9914E54A4}.Release|Any CPU.ActiveCfg = Release|Any CPU
		{59FFDFF0-D23A-44B1-B5E1-60A9914E54A4}.Release|Any CPU.Build.0 = Release|Any CPU
		{73E8A5BD-CBD4-418A-8744-70B8DC1FBA4F}.Debug|Any CPU.ActiveCfg = Debug|Any CPU
		{73E8A5BD-CBD4-418A-8744-70B8DC1FBA4F}.Debug|Any CPU.Build.0 = Debug|Any CPU
		{73E8A5BD-CBD4-418A-8744-70B8DC1FBA4F}.Release|Any CPU.ActiveCfg = Release|Any CPU
		{73E8A5BD-CBD4-418A-8744-70B8DC1FBA4F}.Release|Any CPU.Build.0 = Release|Any CPU
	EndGlobalSection
	GlobalSection(SolutionProperties) = preSolution
		HideSolutionNode = FALSE
	EndGlobalSection
	GlobalSection(ExtensibilityGlobals) = postSolution
		SolutionGuid = {99446E1A-E074-4C28-8503-878D1E8C1FEB}
	EndGlobalSection
EndGlobal
